
Microsoft Visual Studio Solution File, Format Version 12.00
# Visual Studio 15
VisualStudioVersion = 15.0.28307.271
MinimumVisualStudioVersion = 10.0.40219.1
Project("{FAE04EC0-301F-11D3-BF4B-00C04F79EFBC}") = "Players.ConsoleApp", "Players.ConsoleApp\Players.ConsoleApp.csproj", "{5150782E-D65E-449B-A4A3-08B16890B792}"
EndProject
Project("{FAE04EC0-301F-11D3-BF4B-00C04F79EFBC}") = "PlayersData", "PlayersData2\PlayersData.csproj", "{225C12F8-DDB6-4F9B-B92D-06C05699FFAC}"
EndProject
Project("{FAE04EC0-301F-11D3-BF4B-00C04F79EFBC}") = "PlayersDatav1", "PlayersDatav1\PlayersDatav1.csproj", "{867C3D15-AE66-4715-B58A-F6AE5E8ABB22}"
EndProject
Project("{FAE04EC0-301F-11D3-BF4B-00C04F79EFBC}") = "PlayersDomain", "PlayersDomain\PlayersDomain.csproj", "{968EE92C-944D-4DF6-B786-DC2DB584496E}"
EndProject
Project("{FAE04EC0-301F-11D3-BF4B-00C04F79EFBC}") = "rtest", "rtest\rtest.csproj", "{49D1CD1E-E066-4681-98FC-BB961BAF2EAD}"
EndProject
Global
	GlobalSection(SolutionConfigurationPlatforms) = preSolution
		Debug|Any CPU = Debug|Any CPU
		Release|Any CPU = Release|Any CPU
	EndGlobalSection
	GlobalSection(ProjectConfigurationPlatforms) = postSolution
		{5150782E-D65E-449B-A4A3-08B16890B792}.Debug|Any CPU.ActiveCfg = Debug|Any CPU
		{5150782E-D65E-449B-A4A3-08B16890B792}.Debug|Any CPU.Build.0 = Debug|Any CPU
		{5150782E-D65E-449B-A4A3-08B16890B792}.Release|Any CPU.ActiveCfg = Release|Any CPU
		{5150782E-D65E-449B-A4A3-08B16890B792}.Release|Any CPU.Build.0 = Release|Any CPU
		{225C12F8-DDB6-4F9B-B92D-06C05699FFAC}.Debug|Any CPU.ActiveCfg = Debug|Any CPU
		{225C12F8-DDB6-4F9B-B92D-06C05699FFAC}.Debug|Any CPU.Build.0 = Debug|Any CPU
		{225C12F8-DDB6-4F9B-B92D-06C05699FFAC}.Release|Any CPU.ActiveCfg = Release|Any CPU
		{225C12F8-DDB6-4F9B-B92D-06C05699FFAC}.Release|Any CPU.Build.0 = Release|Any CPU
		{867C3D15-AE66-4715-B58A-F6AE5E8ABB22}.Debug|Any CPU.ActiveCfg = Debug|Any CPU
		{867C3D15-AE66-4715-B58A-F6AE5E8ABB22}.Debug|Any CPU.Build.0 = Debug|Any CPU
		{867C3D15-AE66-4715-B58A-F6AE5E8ABB22}.Release|Any CPU.ActiveCfg = Release|Any CPU
		{867C3D15-AE66-4715-B58A-F6AE5E8ABB22}.Release|Any CPU.Build.0 = Release|Any CPU
		{968EE92C-944D-4DF6-B786-DC2DB584496E}.Debug|Any CPU.ActiveCfg = Debug|Any CPU
		{968EE92C-944D-4DF6-B786-DC2DB584496E}.Debug|Any CPU.Build.0 = Debug|Any CPU
		{968EE92C-944D-4DF6-B786-DC2DB584496E}.Release|Any CPU.ActiveCfg = Release|Any CPU
		{968EE92C-944D-4DF6-B786-DC2DB584496E}.Release|Any CPU.Build.0 = Release|Any CPU
		{49D1CD1E-E066-4681-98FC-BB961BAF2EAD}.Debug|Any CPU.ActiveCfg = Debug|Any CPU
		{49D1CD1E-E066-4681-98FC-BB961BAF2EAD}.Debug|Any CPU.Build.0 = Debug|Any CPU
		{49D1CD1E-E066-4681-98FC-BB961BAF2EAD}.Release|Any CPU.ActiveCfg = Release|Any CPU
		{49D1CD1E-E066-4681-98FC-BB961BAF2EAD}.Release|Any CPU.Build.0 = Release|Any CPU
	EndGlobalSection
	GlobalSection(SolutionProperties) = preSolution
		HideSolutionNode = FALSE
	EndGlobalSection
	GlobalSection(ExtensibilityGlobals) = postSolution
		SolutionGuid = {C2B5F57C-6939-419C-A4AD-617CAEF278DE}
	EndGlobalSection
EndGlobal
