
Microsoft Visual Studio Solution File, Format Version 12.00
# Visual Studio Version 16
VisualStudioVersion = 16.0.28729.10
MinimumVisualStudioVersion = 10.0.40219.1
Project("{FAE04EC0-301F-11D3-BF4B-00C04F79EFBC}") = "PlayersDatav1", "PlayersDatav1\PlayersDatav1.csproj", "{867C3D15-AE66-4715-B58A-F6AE5E8ABB22}"
EndProject
Project("{FAE04EC0-301F-11D3-BF4B-00C04F79EFBC}") = "PlayersDomain", "PlayersDomain\PlayersDomain.csproj", "{968EE92C-944D-4DF6-B786-DC2DB584496E}"
EndProject
Project("{FAE04EC0-301F-11D3-BF4B-00C04F79EFBC}") = "PlayersService.REST", "rtest\PlayersService.REST.csproj", "{49D1CD1E-E066-4681-98FC-BB961BAF2EAD}"
EndProject
Project("{FAE04EC0-301F-11D3-BF4B-00C04F79EFBC}") = "PlayerWebApp.EU", "PlayerWebApp.EU\PlayerWebApp.EU.csproj", "{FD315EFD-E029-43A1-8E03-05C692683173}"
EndProject
Project("{FAE04EC0-301F-11D3-BF4B-00C04F79EFBC}") = "PlayersDomain.Test", "PlayersDomain.Test\PlayersDomain.Test.csproj", "{C7F033D1-109C-4030-AFBA-9EB802783052}"
EndProject
Global
	GlobalSection(SolutionConfigurationPlatforms) = preSolution
		Debug|Any CPU = Debug|Any CPU
		Release|Any CPU = Release|Any CPU
	EndGlobalSection
	GlobalSection(ProjectConfigurationPlatforms) = postSolution
		{867C3D15-AE66-4715-B58A-F6AE5E8ABB22}.Debug|Any CPU.ActiveCfg = Debug|Any CPU
		{867C3D15-AE66-4715-B58A-F6AE5E8ABB22}.Debug|Any CPU.Build.0 = Debug|Any CPU
		{867C3D15-AE66-4715-B58A-F6AE5E8ABB22}.Release|Any CPU.ActiveCfg = Release|Any CPU
		{867C3D15-AE66-4715-B58A-F6AE5E8ABB22}.Release|Any CPU.Build.0 = Release|Any CPU
		{968EE92C-944D-4DF6-B786-DC2DB584496E}.Debug|Any CPU.ActiveCfg = Debug|Any CPU
		{968EE92C-944D-4DF6-B786-DC2DB584496E}.Debug|Any CPU.Build.0 = Debug|Any CPU
		{968EE92C-944D-4DF6-B786-DC2DB584496E}.Release|Any CPU.ActiveCfg = Release|Any CPU
		{968EE92C-944D-4DF6-B786-DC2DB584496E}.Release|Any CPU.Build.0 = Release|Any CPU
		{49D1CD1E-E066-4681-98FC-BB961BAF2EAD}.Debug|Any CPU.ActiveCfg = Debug|Any CPU
		{49D1CD1E-E066-4681-98FC-BB961BAF2EAD}.Debug|Any CPU.Build.0 = Debug|Any CPU
		{49D1CD1E-E066-4681-98FC-BB961BAF2EAD}.Release|Any CPU.ActiveCfg = Release|Any CPU
		{49D1CD1E-E066-4681-98FC-BB961BAF2EAD}.Release|Any CPU.Build.0 = Release|Any CPU
		{FD315EFD-E029-43A1-8E03-05C692683173}.Debug|Any CPU.ActiveCfg = Debug|Any CPU
		{FD315EFD-E029-43A1-8E03-05C692683173}.Debug|Any CPU.Build.0 = Debug|Any CPU
		{FD315EFD-E029-43A1-8E03-05C692683173}.Release|Any CPU.ActiveCfg = Release|Any CPU
		{FD315EFD-E029-43A1-8E03-05C692683173}.Release|Any CPU.Build.0 = Release|Any CPU
		{C7F033D1-109C-4030-AFBA-9EB802783052}.Debug|Any CPU.ActiveCfg = Debug|Any CPU
		{C7F033D1-109C-4030-AFBA-9EB802783052}.Debug|Any CPU.Build.0 = Debug|Any CPU
		{C7F033D1-109C-4030-AFBA-9EB802783052}.Release|Any CPU.ActiveCfg = Release|Any CPU
		{C7F033D1-109C-4030-AFBA-9EB802783052}.Release|Any CPU.Build.0 = Release|Any CPU
	EndGlobalSection
	GlobalSection(SolutionProperties) = preSolution
		HideSolutionNode = FALSE
	EndGlobalSection
	GlobalSection(ExtensibilityGlobals) = postSolution
		SolutionGuid = {C2B5F57C-6939-419C-A4AD-617CAEF278DE}
	EndGlobalSection
EndGlobal
